version: 1.0
shards:
  bitcoin_rpc:
    github: greenbigfrog/bitcoin_rpc
    commit: 86290f9b7ee1130f4b938df3cc38a23673820480

  db:
    github: crystal-lang/crystal-db
    version: 0.5.0

  discordcr:
    github: greenbigfrog/discordcr
    commit: 71bf014ad7761980cdcc6e57c815a177b2204265

  pg:
    github: will/crystal-pg
    commit: cafe43d58f71181cd69d0cb6a987856bad23e681

