version: 1.0
shards:
  bitcoin_rpc:
    github: greenbigfrog/bitcoin_rpc
    commit: 6a3c10245e9a66378ebe88e5c69317a414b3a65b

  db:
    github: crystal-lang/crystal-db
    version: 0.4.3

  discordcr:
    github: greenbigfrog/discordcr
    commit: 98b9aa23254c1a0f41bbeb62417895db992c522a

  pg:
    github: will/crystal-pg
    commit: 22a6f1317b00195b4302d79b3b3d47b36c883099

