version: 1.0
shards:
  bitcoin_rpc:
    github: greenbigfrog/bitcoin_rpc
    commit: bf76f161bd5d7673eb60ead70ce44861822b9130

  db:
    github: crystal-lang/crystal-db
    version: 0.5.0

  discordcr:
    github: greenbigfrog/discordcr
    commit: a0327d97721714658b6d1a98c4df07d743d3aa4b

  pg:
    github: greenbigfrog/crystal-pg
    commit: fea0303a73a2480a041fc7ca806d923bc811a15e

